
Microsoft Visual Studio Solution File, Format Version 12.00
# Visual Studio Version 17
VisualStudioVersion = 17.2.32630.192
MinimumVisualStudioVersion = 10.0.40219.1
Project("{FAE04EC0-301F-11D3-BF4B-00C04F79EFBC}") = "202020", "202020.csproj", "{5BDB7FBD-7383-460C-A082-7D14FE384C3A}"
EndProject
Global
	GlobalSection(SolutionConfigurationPlatforms) = preSolution
		Debug|Any CPU = Debug|Any CPU
		Release|Any CPU = Release|Any CPU
	EndGlobalSection
	GlobalSection(ProjectConfigurationPlatforms) = postSolution
		{5BDB7FBD-7383-460C-A082-7D14FE384C3A}.Debug|Any CPU.ActiveCfg = Debug|Any CPU
		{5BDB7FBD-7383-460C-A082-7D14FE384C3A}.Debug|Any CPU.Build.0 = Debug|Any CPU
		{5BDB7FBD-7383-460C-A082-7D14FE384C3A}.Release|Any CPU.ActiveCfg = Release|Any CPU
		{5BDB7FBD-7383-460C-A082-7D14FE384C3A}.Release|Any CPU.Build.0 = Release|Any CPU
	EndGlobalSection
	GlobalSection(SolutionProperties) = preSolution
		HideSolutionNode = FALSE
	EndGlobalSection
	GlobalSection(ExtensibilityGlobals) = postSolution
		SolutionGuid = {F40528FD-BA90-41CA-9F8C-2235B266F92F}
	EndGlobalSection
EndGlobal
